
Microsoft Visual Studio Solution File, Format Version 12.00
# Visual Studio Version 16
VisualStudioVersion = 16.0.30309.148
MinimumVisualStudioVersion = 10.0.40219.1
Project("{FAE04EC0-301F-11D3-BF4B-00C04F79EFBC}") = "CQP", "FakeCQPDLL\CQP.csproj", "{166D3391-5E90-4C64-BCA6-FBF987500078}"
	ProjectSection(ProjectDependencies) = postProject
		{18CC2E4A-E049-4A31-8A52-0000371A558B} = {18CC2E4A-E049-4A31-8A52-0000371A558B}
	EndProjectSection
EndProject
Project("{FAE04EC0-301F-11D3-BF4B-00C04F79EFBC}") = "Tool", "Tool\Tool.csproj", "{0CA93EB9-4E25-46C6-94D2-0F97137A1606}"
EndProject
Project("{FAE04EC0-301F-11D3-BF4B-00C04F79EFBC}") = "Sdk", "Sdk\Sdk.csproj", "{D7A958B3-79D9-49F8-8BB4-9619BAB6ECBA}"
EndProject
Project("{FAE04EC0-301F-11D3-BF4B-00C04F79EFBC}") = "Test", "Test\Test.csproj", "{2D730B94-701C-42CB-97A4-78DC93B8D7B5}"
EndProject
Project("{FAE04EC0-301F-11D3-BF4B-00C04F79EFBC}") = "Deserizition", "..\OPQBot-Native\Deserizition\Deserizition.csproj", "{18CC2E4A-E049-4A31-8A52-0000371A558B}"
EndProject
Project("{FAE04EC0-301F-11D3-BF4B-00C04F79EFBC}") = "SocketIOClient", "..\OPQBot-Native\SocketIO\SocketIOClient.csproj", "{352C9BC1-F74C-4741-A09D-7227BC60C057}"
EndProject
Global
	GlobalSection(SolutionConfigurationPlatforms) = preSolution
		Debug|Any CPU = Debug|Any CPU
		Debug|x86 = Debug|x86
		DebugILMerge|Any CPU = DebugILMerge|Any CPU
		DebugILMerge|x86 = DebugILMerge|x86
		Release|Any CPU = Release|Any CPU
		Release|x86 = Release|x86
		ReleaseILMerge|Any CPU = ReleaseILMerge|Any CPU
		ReleaseILMerge|x86 = ReleaseILMerge|x86
	EndGlobalSection
	GlobalSection(ProjectConfigurationPlatforms) = postSolution
		{166D3391-5E90-4C64-BCA6-FBF987500078}.Debug|Any CPU.ActiveCfg = Debug|Any CPU
		{166D3391-5E90-4C64-BCA6-FBF987500078}.Debug|Any CPU.Build.0 = Debug|Any CPU
		{166D3391-5E90-4C64-BCA6-FBF987500078}.Debug|x86.ActiveCfg = Debug|x86
		{166D3391-5E90-4C64-BCA6-FBF987500078}.Debug|x86.Build.0 = Debug|x86
		{166D3391-5E90-4C64-BCA6-FBF987500078}.DebugILMerge|Any CPU.ActiveCfg = Debug|Any CPU
		{166D3391-5E90-4C64-BCA6-FBF987500078}.DebugILMerge|Any CPU.Build.0 = Debug|Any CPU
		{166D3391-5E90-4C64-BCA6-FBF987500078}.DebugILMerge|x86.ActiveCfg = Debug|x86
		{166D3391-5E90-4C64-BCA6-FBF987500078}.DebugILMerge|x86.Build.0 = Debug|x86
		{166D3391-5E90-4C64-BCA6-FBF987500078}.Release|Any CPU.ActiveCfg = Release|Any CPU
		{166D3391-5E90-4C64-BCA6-FBF987500078}.Release|Any CPU.Build.0 = Release|Any CPU
		{166D3391-5E90-4C64-BCA6-FBF987500078}.Release|x86.ActiveCfg = Release|Any CPU
		{166D3391-5E90-4C64-BCA6-FBF987500078}.Release|x86.Build.0 = Release|Any CPU
		{166D3391-5E90-4C64-BCA6-FBF987500078}.ReleaseILMerge|Any CPU.ActiveCfg = Release|Any CPU
		{166D3391-5E90-4C64-BCA6-FBF987500078}.ReleaseILMerge|Any CPU.Build.0 = Release|Any CPU
		{166D3391-5E90-4C64-BCA6-FBF987500078}.ReleaseILMerge|x86.ActiveCfg = Release|x86
		{166D3391-5E90-4C64-BCA6-FBF987500078}.ReleaseILMerge|x86.Build.0 = Release|x86
		{0CA93EB9-4E25-46C6-94D2-0F97137A1606}.Debug|Any CPU.ActiveCfg = Debug|x86
		{0CA93EB9-4E25-46C6-94D2-0F97137A1606}.Debug|Any CPU.Build.0 = Debug|x86
		{0CA93EB9-4E25-46C6-94D2-0F97137A1606}.Debug|x86.ActiveCfg = Debug|x86
		{0CA93EB9-4E25-46C6-94D2-0F97137A1606}.Debug|x86.Build.0 = Debug|x86
		{0CA93EB9-4E25-46C6-94D2-0F97137A1606}.DebugILMerge|Any CPU.ActiveCfg = Release|x86
		{0CA93EB9-4E25-46C6-94D2-0F97137A1606}.DebugILMerge|Any CPU.Build.0 = Release|x86
		{0CA93EB9-4E25-46C6-94D2-0F97137A1606}.DebugILMerge|x86.ActiveCfg = Debug|x86
		{0CA93EB9-4E25-46C6-94D2-0F97137A1606}.DebugILMerge|x86.Build.0 = Debug|x86
		{0CA93EB9-4E25-46C6-94D2-0F97137A1606}.Release|Any CPU.ActiveCfg = Release|x86
		{0CA93EB9-4E25-46C6-94D2-0F97137A1606}.Release|x86.ActiveCfg = Release|x86
		{0CA93EB9-4E25-46C6-94D2-0F97137A1606}.Release|x86.Build.0 = Release|x86
		{0CA93EB9-4E25-46C6-94D2-0F97137A1606}.ReleaseILMerge|Any CPU.ActiveCfg = Release|x86
		{0CA93EB9-4E25-46C6-94D2-0F97137A1606}.ReleaseILMerge|Any CPU.Build.0 = Release|x86
		{0CA93EB9-4E25-46C6-94D2-0F97137A1606}.ReleaseILMerge|x86.ActiveCfg = Release|x86
		{0CA93EB9-4E25-46C6-94D2-0F97137A1606}.ReleaseILMerge|x86.Build.0 = Release|x86
		{D7A958B3-79D9-49F8-8BB4-9619BAB6ECBA}.Debug|Any CPU.ActiveCfg = Debug|Any CPU
		{D7A958B3-79D9-49F8-8BB4-9619BAB6ECBA}.Debug|Any CPU.Build.0 = Debug|Any CPU
		{D7A958B3-79D9-49F8-8BB4-9619BAB6ECBA}.Debug|x86.ActiveCfg = Debug|x86
		{D7A958B3-79D9-49F8-8BB4-9619BAB6ECBA}.Debug|x86.Build.0 = Debug|x86
		{D7A958B3-79D9-49F8-8BB4-9619BAB6ECBA}.DebugILMerge|Any CPU.ActiveCfg = Debug|Any CPU
		{D7A958B3-79D9-49F8-8BB4-9619BAB6ECBA}.DebugILMerge|Any CPU.Build.0 = Debug|Any CPU
		{D7A958B3-79D9-49F8-8BB4-9619BAB6ECBA}.DebugILMerge|x86.ActiveCfg = Debug|x86
		{D7A958B3-79D9-49F8-8BB4-9619BAB6ECBA}.DebugILMerge|x86.Build.0 = Debug|x86
		{D7A958B3-79D9-49F8-8BB4-9619BAB6ECBA}.Release|Any CPU.ActiveCfg = Release|Any CPU
		{D7A958B3-79D9-49F8-8BB4-9619BAB6ECBA}.Release|Any CPU.Build.0 = Release|Any CPU
		{D7A958B3-79D9-49F8-8BB4-9619BAB6ECBA}.Release|x86.ActiveCfg = Release|x86
		{D7A958B3-79D9-49F8-8BB4-9619BAB6ECBA}.Release|x86.Build.0 = Release|x86
		{D7A958B3-79D9-49F8-8BB4-9619BAB6ECBA}.ReleaseILMerge|Any CPU.ActiveCfg = Release|Any CPU
		{D7A958B3-79D9-49F8-8BB4-9619BAB6ECBA}.ReleaseILMerge|Any CPU.Build.0 = Release|Any CPU
		{D7A958B3-79D9-49F8-8BB4-9619BAB6ECBA}.ReleaseILMerge|x86.ActiveCfg = Release|x86
		{D7A958B3-79D9-49F8-8BB4-9619BAB6ECBA}.ReleaseILMerge|x86.Build.0 = Release|x86
		{2D730B94-701C-42CB-97A4-78DC93B8D7B5}.Debug|Any CPU.ActiveCfg = Debug|Any CPU
		{2D730B94-701C-42CB-97A4-78DC93B8D7B5}.Debug|Any CPU.Build.0 = Debug|Any CPU
		{2D730B94-701C-42CB-97A4-78DC93B8D7B5}.Debug|x86.ActiveCfg = Debug|x86
		{2D730B94-701C-42CB-97A4-78DC93B8D7B5}.DebugILMerge|Any CPU.ActiveCfg = Debug|Any CPU
		{2D730B94-701C-42CB-97A4-78DC93B8D7B5}.DebugILMerge|Any CPU.Build.0 = Debug|Any CPU
		{2D730B94-701C-42CB-97A4-78DC93B8D7B5}.DebugILMerge|x86.ActiveCfg = Debug|x86
		{2D730B94-701C-42CB-97A4-78DC93B8D7B5}.DebugILMerge|x86.Build.0 = Debug|x86
		{2D730B94-701C-42CB-97A4-78DC93B8D7B5}.Release|Any CPU.ActiveCfg = Release|Any CPU
		{2D730B94-701C-42CB-97A4-78DC93B8D7B5}.Release|Any CPU.Build.0 = Release|Any CPU
		{2D730B94-701C-42CB-97A4-78DC93B8D7B5}.Release|x86.ActiveCfg = Release|Any CPU
		{2D730B94-701C-42CB-97A4-78DC93B8D7B5}.Release|x86.Build.0 = Release|Any CPU
		{2D730B94-701C-42CB-97A4-78DC93B8D7B5}.ReleaseILMerge|Any CPU.ActiveCfg = Release|Any CPU
		{2D730B94-701C-42CB-97A4-78DC93B8D7B5}.ReleaseILMerge|Any CPU.Build.0 = Release|Any CPU
		{2D730B94-701C-42CB-97A4-78DC93B8D7B5}.ReleaseILMerge|x86.ActiveCfg = Release|x86
		{2D730B94-701C-42CB-97A4-78DC93B8D7B5}.ReleaseILMerge|x86.Build.0 = Release|x86
		{18CC2E4A-E049-4A31-8A52-0000371A558B}.Debug|Any CPU.ActiveCfg = Debug|Any CPU
		{18CC2E4A-E049-4A31-8A52-0000371A558B}.Debug|Any CPU.Build.0 = Debug|Any CPU
		{18CC2E4A-E049-4A31-8A52-0000371A558B}.Debug|x86.ActiveCfg = Debug|x86
		{18CC2E4A-E049-4A31-8A52-0000371A558B}.Debug|x86.Build.0 = Debug|x86
		{18CC2E4A-E049-4A31-8A52-0000371A558B}.DebugILMerge|Any CPU.ActiveCfg = Debug|Any CPU
		{18CC2E4A-E049-4A31-8A52-0000371A558B}.DebugILMerge|Any CPU.Build.0 = Debug|Any CPU
		{18CC2E4A-E049-4A31-8A52-0000371A558B}.DebugILMerge|x86.ActiveCfg = Debug|x86
		{18CC2E4A-E049-4A31-8A52-0000371A558B}.DebugILMerge|x86.Build.0 = Debug|x86
		{18CC2E4A-E049-4A31-8A52-0000371A558B}.Release|Any CPU.ActiveCfg = Release|Any CPU
		{18CC2E4A-E049-4A31-8A52-0000371A558B}.Release|Any CPU.Build.0 = Release|Any CPU
		{18CC2E4A-E049-4A31-8A52-0000371A558B}.Release|x86.ActiveCfg = Release|x86
		{18CC2E4A-E049-4A31-8A52-0000371A558B}.Release|x86.Build.0 = Release|x86
		{18CC2E4A-E049-4A31-8A52-0000371A558B}.ReleaseILMerge|Any CPU.ActiveCfg = Release|Any CPU
		{18CC2E4A-E049-4A31-8A52-0000371A558B}.ReleaseILMerge|Any CPU.Build.0 = Release|Any CPU
		{18CC2E4A-E049-4A31-8A52-0000371A558B}.ReleaseILMerge|x86.ActiveCfg = Release|x86
		{18CC2E4A-E049-4A31-8A52-0000371A558B}.ReleaseILMerge|x86.Build.0 = Release|x86
		{352C9BC1-F74C-4741-A09D-7227BC60C057}.Debug|Any CPU.ActiveCfg = Debug|Any CPU
		{352C9BC1-F74C-4741-A09D-7227BC60C057}.Debug|Any CPU.Build.0 = Debug|Any CPU
		{352C9BC1-F74C-4741-A09D-7227BC60C057}.Debug|x86.ActiveCfg = Debug|x86
		{352C9BC1-F74C-4741-A09D-7227BC60C057}.Debug|x86.Build.0 = Debug|x86
		{352C9BC1-F74C-4741-A09D-7227BC60C057}.DebugILMerge|Any CPU.ActiveCfg = DebugILMerge|Any CPU
		{352C9BC1-F74C-4741-A09D-7227BC60C057}.DebugILMerge|Any CPU.Build.0 = DebugILMerge|Any CPU
		{352C9BC1-F74C-4741-A09D-7227BC60C057}.DebugILMerge|x86.ActiveCfg = DebugILMerge|x86
		{352C9BC1-F74C-4741-A09D-7227BC60C057}.DebugILMerge|x86.Build.0 = DebugILMerge|x86
		{352C9BC1-F74C-4741-A09D-7227BC60C057}.Release|Any CPU.ActiveCfg = Release|Any CPU
		{352C9BC1-F74C-4741-A09D-7227BC60C057}.Release|Any CPU.Build.0 = Release|Any CPU
		{352C9BC1-F74C-4741-A09D-7227BC60C057}.Release|x86.ActiveCfg = Release|x86
		{352C9BC1-F74C-4741-A09D-7227BC60C057}.Release|x86.Build.0 = Release|x86
		{352C9BC1-F74C-4741-A09D-7227BC60C057}.ReleaseILMerge|Any CPU.ActiveCfg = ReleaseILMerge|Any CPU
		{352C9BC1-F74C-4741-A09D-7227BC60C057}.ReleaseILMerge|Any CPU.Build.0 = ReleaseILMerge|Any CPU
		{352C9BC1-F74C-4741-A09D-7227BC60C057}.ReleaseILMerge|x86.ActiveCfg = ReleaseILMerge|x86
		{352C9BC1-F74C-4741-A09D-7227BC60C057}.ReleaseILMerge|x86.Build.0 = ReleaseILMerge|x86
	EndGlobalSection
	GlobalSection(SolutionProperties) = preSolution
		HideSolutionNode = FALSE
	EndGlobalSection
	GlobalSection(ExtensibilityGlobals) = postSolution
		SolutionGuid = {5E06D84C-7F4F-4C27-95C2-257AE05B4970}
	EndGlobalSection
EndGlobal
